
Microsoft Visual Studio Solution File, Format Version 12.00
# Visual Studio Version 16
VisualStudioVersion = 16.0.30320.27
MinimumVisualStudioVersion = 10.0.40219.1
Project("{9A19103F-16F7-4668-BE54-9A1E7A4F7556}") = "WebTestFront.Server", "WebTestFront\Server\WebTestFront.Server.csproj", "{5AC6C0CD-EE07-4C28-8892-C70FE840A271}"
EndProject
Project("{9A19103F-16F7-4668-BE54-9A1E7A4F7556}") = "WebTestFront.Client", "WebTestFront\Client\WebTestFront.Client.csproj", "{AFA45312-B171-4A3B-9C05-D74788D60B92}"
EndProject
Project("{9A19103F-16F7-4668-BE54-9A1E7A4F7556}") = "WebTestFront.Shared", "WebTestFront\Shared\WebTestFront.Shared.csproj", "{136AE68F-5CEC-4E29-9E29-F6A24231E8E4}"
EndProject
Project("{9A19103F-16F7-4668-BE54-9A1E7A4F7556}") = "Application", "WebTestFront\Application\Application.csproj", "{27C4C2CD-0A5A-4704-A3B4-BAE294FCE4BC}"
EndProject
Project("{9A19103F-16F7-4668-BE54-9A1E7A4F7556}") = "Infra.CrossCutting.IoC", "WebTestFront\Infra.CrossCutting.IoC\Infra.CrossCutting.IoC.csproj", "{CBA9F6E7-7096-4301-9407-7B6274074ED6}"
EndProject
Project("{9A19103F-16F7-4668-BE54-9A1E7A4F7556}") = "Infra.Data", "WebTestFront\Infra.Data\Infra.Data.csproj", "{29212069-54BA-418D-AE9A-B35C0B8C2ECA}"
EndProject
Project("{9A19103F-16F7-4668-BE54-9A1E7A4F7556}") = "Domain", "WebTestFront\Domain\Domain.csproj", "{DF47DB0B-742B-4B7D-91A4-3174EB8B0530}"
EndProject
Global
	GlobalSection(SolutionConfigurationPlatforms) = preSolution
		Debug|Any CPU = Debug|Any CPU
		Release|Any CPU = Release|Any CPU
	EndGlobalSection
	GlobalSection(ProjectConfigurationPlatforms) = postSolution
		{5AC6C0CD-EE07-4C28-8892-C70FE840A271}.Debug|Any CPU.ActiveCfg = Debug|Any CPU
		{5AC6C0CD-EE07-4C28-8892-C70FE840A271}.Debug|Any CPU.Build.0 = Debug|Any CPU
		{5AC6C0CD-EE07-4C28-8892-C70FE840A271}.Release|Any CPU.ActiveCfg = Release|Any CPU
		{5AC6C0CD-EE07-4C28-8892-C70FE840A271}.Release|Any CPU.Build.0 = Release|Any CPU
		{AFA45312-B171-4A3B-9C05-D74788D60B92}.Debug|Any CPU.ActiveCfg = Debug|Any CPU
		{AFA45312-B171-4A3B-9C05-D74788D60B92}.Debug|Any CPU.Build.0 = Debug|Any CPU
		{AFA45312-B171-4A3B-9C05-D74788D60B92}.Release|Any CPU.ActiveCfg = Release|Any CPU
		{AFA45312-B171-4A3B-9C05-D74788D60B92}.Release|Any CPU.Build.0 = Release|Any CPU
		{136AE68F-5CEC-4E29-9E29-F6A24231E8E4}.Debug|Any CPU.ActiveCfg = Debug|Any CPU
		{136AE68F-5CEC-4E29-9E29-F6A24231E8E4}.Debug|Any CPU.Build.0 = Debug|Any CPU
		{136AE68F-5CEC-4E29-9E29-F6A24231E8E4}.Release|Any CPU.ActiveCfg = Release|Any CPU
		{136AE68F-5CEC-4E29-9E29-F6A24231E8E4}.Release|Any CPU.Build.0 = Release|Any CPU
		{27C4C2CD-0A5A-4704-A3B4-BAE294FCE4BC}.Debug|Any CPU.ActiveCfg = Debug|Any CPU
		{27C4C2CD-0A5A-4704-A3B4-BAE294FCE4BC}.Debug|Any CPU.Build.0 = Debug|Any CPU
		{27C4C2CD-0A5A-4704-A3B4-BAE294FCE4BC}.Release|Any CPU.ActiveCfg = Release|Any CPU
		{27C4C2CD-0A5A-4704-A3B4-BAE294FCE4BC}.Release|Any CPU.Build.0 = Release|Any CPU
		{CBA9F6E7-7096-4301-9407-7B6274074ED6}.Debug|Any CPU.ActiveCfg = Debug|Any CPU
		{CBA9F6E7-7096-4301-9407-7B6274074ED6}.Debug|Any CPU.Build.0 = Debug|Any CPU
		{CBA9F6E7-7096-4301-9407-7B6274074ED6}.Release|Any CPU.ActiveCfg = Release|Any CPU
		{CBA9F6E7-7096-4301-9407-7B6274074ED6}.Release|Any CPU.Build.0 = Release|Any CPU
		{29212069-54BA-418D-AE9A-B35C0B8C2ECA}.Debug|Any CPU.ActiveCfg = Debug|Any CPU
		{29212069-54BA-418D-AE9A-B35C0B8C2ECA}.Debug|Any CPU.Build.0 = Debug|Any CPU
		{29212069-54BA-418D-AE9A-B35C0B8C2ECA}.Release|Any CPU.ActiveCfg = Release|Any CPU
		{29212069-54BA-418D-AE9A-B35C0B8C2ECA}.Release|Any CPU.Build.0 = Release|Any CPU
		{DF47DB0B-742B-4B7D-91A4-3174EB8B0530}.Debug|Any CPU.ActiveCfg = Debug|Any CPU
		{DF47DB0B-742B-4B7D-91A4-3174EB8B0530}.Debug|Any CPU.Build.0 = Debug|Any CPU
		{DF47DB0B-742B-4B7D-91A4-3174EB8B0530}.Release|Any CPU.ActiveCfg = Release|Any CPU
		{DF47DB0B-742B-4B7D-91A4-3174EB8B0530}.Release|Any CPU.Build.0 = Release|Any CPU
	EndGlobalSection
	GlobalSection(SolutionProperties) = preSolution
		HideSolutionNode = FALSE
	EndGlobalSection
	GlobalSection(ExtensibilityGlobals) = postSolution
		SolutionGuid = {CF7C8CEA-2F13-486A-B10C-01F96107EB2C}
	EndGlobalSection
EndGlobal
